{
  "nodes": {
    "flakeNimbleLib": {
      "inputs": {
        "nixpkgs": [
          "nixpkgs"
        ]
      },
      "locked": {
        "lastModified": 1662018438,
        "narHash": "sha256-QtNtU6+LX3Wokxf0zlFwKTFOcn6TeDjKQZ+DA9OYtvM=",
        "owner": "riinr",
        "repo": "nim-flakes-lib",
        "rev": "b1fe8340736e3a85d25c709ac3dfd82a55c03cbf",
        "type": "github"
      },
      "original": {
        "owner": "riinr",
        "ref": "master",
        "repo": "nim-flakes-lib",
        "type": "github"
      }
    },
    "nimplehttpserver-master": {
      "inputs": {
        "flakeNimbleLib": [
          "flakeNimbleLib"
        ],
        "nixpkgs": [
          "nixpkgs"
        ],
        "src-NimpleHTTPServer-master": "src-NimpleHTTPServer-master"
      },
      "locked": {
        "dir": "master",
        "lastModified": 1662254675,
        "narHash": "sha256-dfnZbh1r1LRHYDr7PsHxsW2/fASEV1G0GZ/ukCAsUgQ=",
        "owner": "nim-nix-pkgs",
        "repo": "nimplehttpserver",
        "rev": "2eb83b030301f8c492782254ed64bdd4a7245968",
        "type": "github"
      },
      "original": {
        "dir": "master",
        "owner": "nim-nix-pkgs",
        "ref": "master",
        "repo": "nimplehttpserver",
        "type": "github"
      }
    },
    "nixpkgs": {
      "locked": {
        "lastModified": 1667110639,
        "narHash": "sha256-4FbPESZ5LbqQxkJJJBAfk/zKgF9h/4kyUwjjpJwYlbc=",
        "owner": "NixOS",
        "repo": "nixpkgs",
        "rev": "f38a1f04d1bec1feb61fd101a0539ae2002a7087",
        "type": "github"
      },
      "original": {
        "id": "nixpkgs",
        "type": "indirect"
      }
    },
    "root": {
      "inputs": {
        "flakeNimbleLib": "flakeNimbleLib",
        "nimplehttpserver-master": "nimplehttpserver-master",
        "nixpkgs": "nixpkgs"
      }
    },
    "src-NimpleHTTPServer-master": {
      "flake": false,
      "locked": {
        "lastModified": 1598302619,
        "narHash": "sha256-bexNUzp6EaMwfeFi9eQL7oP+J+gNujTfRPFLobbebkA=",
        "owner": "Hydra820",
        "repo": "NimpleHTTPServer",
        "rev": "f4c860c24edb3ea2062eb392a36b568bd1e53efb",
        "type": "github"
      },
      "original": {
        "owner": "Hydra820",
        "ref": "refs/heads/master",
        "repo": "NimpleHTTPServer",
        "type": "github"
      }
    }
  },
  "root": "root",
  "version": 7
}
